
Microsoft Visual Studio Solution File, Format Version 12.00
# Visual Studio Version 17
VisualStudioVersion = 17.8.34330.188
MinimumVisualStudioVersion = 10.0.40219.1
Project("{9A19103F-16F7-4668-BE54-9A1E7A4F7556}") = "out_to_console", "out_to_console\out_to_console.csproj", "{BDD5721C-8439-40CC-A55B-3B51FB072FD3}"
EndProject
Project("{FAE04EC0-301F-11D3-BF4B-00C04F79EFBC}") = "02_arrays", "02_arrays\02_arrays.csproj", "{D2D2DFAC-186A-4F40-9C98-E161E449ABDA}"
EndProject
Global
	GlobalSection(SolutionConfigurationPlatforms) = preSolution
		Debug|Any CPU = Debug|Any CPU
		Release|Any CPU = Release|Any CPU
	EndGlobalSection
	GlobalSection(ProjectConfigurationPlatforms) = postSolution
		{BDD5721C-8439-40CC-A55B-3B51FB072FD3}.Debug|Any CPU.ActiveCfg = Debug|Any CPU
		{BDD5721C-8439-40CC-A55B-3B51FB072FD3}.Debug|Any CPU.Build.0 = Debug|Any CPU
		{BDD5721C-8439-40CC-A55B-3B51FB072FD3}.Release|Any CPU.ActiveCfg = Release|Any CPU
		{BDD5721C-8439-40CC-A55B-3B51FB072FD3}.Release|Any CPU.Build.0 = Release|Any CPU
		{D2D2DFAC-186A-4F40-9C98-E161E449ABDA}.Debug|Any CPU.ActiveCfg = Debug|Any CPU
		{D2D2DFAC-186A-4F40-9C98-E161E449ABDA}.Debug|Any CPU.Build.0 = Debug|Any CPU
		{D2D2DFAC-186A-4F40-9C98-E161E449ABDA}.Release|Any CPU.ActiveCfg = Release|Any CPU
		{D2D2DFAC-186A-4F40-9C98-E161E449ABDA}.Release|Any CPU.Build.0 = Release|Any CPU
	EndGlobalSection
	GlobalSection(SolutionProperties) = preSolution
		HideSolutionNode = FALSE
	EndGlobalSection
	GlobalSection(ExtensibilityGlobals) = postSolution
		SolutionGuid = {0BB9F195-3BCC-42FE-A2A5-5A6277CD6476}
	EndGlobalSection
EndGlobal
