
Microsoft Visual Studio Solution File, Format Version 12.00
# Visual Studio Version 17
VisualStudioVersion = 17.8.34330.188
MinimumVisualStudioVersion = 10.0.40219.1
Project("{9A19103F-16F7-4668-BE54-9A1E7A4F7556}") = "01_harp_intro", "c_sharp_intro\01_harp_intro.csproj", "{41166BEE-E86C-49EF-A7BE-0C96FC449814}"
EndProject
Project("{9A19103F-16F7-4668-BE54-9A1E7A4F7556}") = "02_enum", "enum\02_enum.csproj", "{D6251E65-7E21-495A-8AC8-FDB733BE0CFC}"
EndProject
Project("{9A19103F-16F7-4668-BE54-9A1E7A4F7556}") = "03_string", "string\03_string.csproj", "{DA9B7AE1-3FB7-4FF4-8E27-A547423EB881}"
EndProject
Project("{9A19103F-16F7-4668-BE54-9A1E7A4F7556}") = "04_intro_to_oop", "intro_to_oop\04_intro_to_oop.csproj", "{181AF5AA-4F0B-4E1E-B2C7-7ED38570960E}"
EndProject
Project("{9A19103F-16F7-4668-BE54-9A1E7A4F7556}") = "05_StructRefOut", "05_oop_intro_continue\05_StructRefOut.csproj", "{8A17A2B6-15EE-43CB-883D-9647084885DC}"
EndProject
Project("{9A19103F-16F7-4668-BE54-9A1E7A4F7556}") = "06_exceptions", "06_exceptions\06_exceptions.csproj", "{21A58B89-DEF3-41A1-A96D-7263494EADBB}"
EndProject
Project("{9A19103F-16F7-4668-BE54-9A1E7A4F7556}") = "07_overloading_operator", "07_overloading_operator\07_overloading_operator.csproj", "{0D627D30-0CF1-4792-9787-F97037B79743}"
EndProject
Project("{9A19103F-16F7-4668-BE54-9A1E7A4F7556}") = "08_inheritance", "08_inheritance\08_inheritance.csproj", "{804DB317-DE6B-40B8-B3D4-99F68D456B42}"
EndProject
Project("{9A19103F-16F7-4668-BE54-9A1E7A4F7556}") = "08_interfaces", "08_interfaces\08_interfaces.csproj", "{4C92DDE6-1252-4E93-AF62-D2D9288149C0}"
EndProject
Project("{9A19103F-16F7-4668-BE54-9A1E7A4F7556}") = "09_standart_intrfaces", "09_intrfaces_p2\09_standart_intrfaces.csproj", "{64CF4EA7-8C60-4AAF-B4BC-DC7555BEF30E}"
EndProject
Project("{9A19103F-16F7-4668-BE54-9A1E7A4F7556}") = "10_Delegats", "10_Delegats\10_Delegats.csproj", "{038D146B-74E7-4210-979E-7A55A2DF1960}"
EndProject
Project("{9A19103F-16F7-4668-BE54-9A1E7A4F7556}") = "11_Extension", "11_Event\11_Extension.csproj", "{B40134F4-771D-480A-B563-77D47A1C40E6}"
EndProject
Project("{FAE04EC0-301F-11D3-BF4B-00C04F79EFBC}") = "12_Events", "12_Events\12_Events.csproj", "{F602EC9F-D1BE-4F53-975A-34E19EF39F64}"
EndProject
Global
	GlobalSection(SolutionConfigurationPlatforms) = preSolution
		Debug|Any CPU = Debug|Any CPU
		Release|Any CPU = Release|Any CPU
	EndGlobalSection
	GlobalSection(ProjectConfigurationPlatforms) = postSolution
		{41166BEE-E86C-49EF-A7BE-0C96FC449814}.Debug|Any CPU.ActiveCfg = Debug|Any CPU
		{41166BEE-E86C-49EF-A7BE-0C96FC449814}.Debug|Any CPU.Build.0 = Debug|Any CPU
		{41166BEE-E86C-49EF-A7BE-0C96FC449814}.Release|Any CPU.ActiveCfg = Release|Any CPU
		{41166BEE-E86C-49EF-A7BE-0C96FC449814}.Release|Any CPU.Build.0 = Release|Any CPU
		{D6251E65-7E21-495A-8AC8-FDB733BE0CFC}.Debug|Any CPU.ActiveCfg = Debug|Any CPU
		{D6251E65-7E21-495A-8AC8-FDB733BE0CFC}.Debug|Any CPU.Build.0 = Debug|Any CPU
		{D6251E65-7E21-495A-8AC8-FDB733BE0CFC}.Release|Any CPU.ActiveCfg = Release|Any CPU
		{D6251E65-7E21-495A-8AC8-FDB733BE0CFC}.Release|Any CPU.Build.0 = Release|Any CPU
		{DA9B7AE1-3FB7-4FF4-8E27-A547423EB881}.Debug|Any CPU.ActiveCfg = Debug|Any CPU
		{DA9B7AE1-3FB7-4FF4-8E27-A547423EB881}.Debug|Any CPU.Build.0 = Debug|Any CPU
		{DA9B7AE1-3FB7-4FF4-8E27-A547423EB881}.Release|Any CPU.ActiveCfg = Release|Any CPU
		{DA9B7AE1-3FB7-4FF4-8E27-A547423EB881}.Release|Any CPU.Build.0 = Release|Any CPU
		{181AF5AA-4F0B-4E1E-B2C7-7ED38570960E}.Debug|Any CPU.ActiveCfg = Debug|Any CPU
		{181AF5AA-4F0B-4E1E-B2C7-7ED38570960E}.Debug|Any CPU.Build.0 = Debug|Any CPU
		{181AF5AA-4F0B-4E1E-B2C7-7ED38570960E}.Release|Any CPU.ActiveCfg = Release|Any CPU
		{181AF5AA-4F0B-4E1E-B2C7-7ED38570960E}.Release|Any CPU.Build.0 = Release|Any CPU
		{8A17A2B6-15EE-43CB-883D-9647084885DC}.Debug|Any CPU.ActiveCfg = Debug|Any CPU
		{8A17A2B6-15EE-43CB-883D-9647084885DC}.Debug|Any CPU.Build.0 = Debug|Any CPU
		{8A17A2B6-15EE-43CB-883D-9647084885DC}.Release|Any CPU.ActiveCfg = Release|Any CPU
		{8A17A2B6-15EE-43CB-883D-9647084885DC}.Release|Any CPU.Build.0 = Release|Any CPU
		{21A58B89-DEF3-41A1-A96D-7263494EADBB}.Debug|Any CPU.ActiveCfg = Debug|Any CPU
		{21A58B89-DEF3-41A1-A96D-7263494EADBB}.Debug|Any CPU.Build.0 = Debug|Any CPU
		{21A58B89-DEF3-41A1-A96D-7263494EADBB}.Release|Any CPU.ActiveCfg = Release|Any CPU
		{21A58B89-DEF3-41A1-A96D-7263494EADBB}.Release|Any CPU.Build.0 = Release|Any CPU
		{0D627D30-0CF1-4792-9787-F97037B79743}.Debug|Any CPU.ActiveCfg = Debug|Any CPU
		{0D627D30-0CF1-4792-9787-F97037B79743}.Debug|Any CPU.Build.0 = Debug|Any CPU
		{0D627D30-0CF1-4792-9787-F97037B79743}.Release|Any CPU.ActiveCfg = Release|Any CPU
		{0D627D30-0CF1-4792-9787-F97037B79743}.Release|Any CPU.Build.0 = Release|Any CPU
		{804DB317-DE6B-40B8-B3D4-99F68D456B42}.Debug|Any CPU.ActiveCfg = Debug|Any CPU
		{804DB317-DE6B-40B8-B3D4-99F68D456B42}.Debug|Any CPU.Build.0 = Debug|Any CPU
		{804DB317-DE6B-40B8-B3D4-99F68D456B42}.Release|Any CPU.ActiveCfg = Release|Any CPU
		{804DB317-DE6B-40B8-B3D4-99F68D456B42}.Release|Any CPU.Build.0 = Release|Any CPU
		{4C92DDE6-1252-4E93-AF62-D2D9288149C0}.Debug|Any CPU.ActiveCfg = Debug|Any CPU
		{4C92DDE6-1252-4E93-AF62-D2D9288149C0}.Debug|Any CPU.Build.0 = Debug|Any CPU
		{4C92DDE6-1252-4E93-AF62-D2D9288149C0}.Release|Any CPU.ActiveCfg = Release|Any CPU
		{4C92DDE6-1252-4E93-AF62-D2D9288149C0}.Release|Any CPU.Build.0 = Release|Any CPU
		{64CF4EA7-8C60-4AAF-B4BC-DC7555BEF30E}.Debug|Any CPU.ActiveCfg = Debug|Any CPU
		{64CF4EA7-8C60-4AAF-B4BC-DC7555BEF30E}.Debug|Any CPU.Build.0 = Debug|Any CPU
		{64CF4EA7-8C60-4AAF-B4BC-DC7555BEF30E}.Release|Any CPU.ActiveCfg = Release|Any CPU
		{64CF4EA7-8C60-4AAF-B4BC-DC7555BEF30E}.Release|Any CPU.Build.0 = Release|Any CPU
		{038D146B-74E7-4210-979E-7A55A2DF1960}.Debug|Any CPU.ActiveCfg = Debug|Any CPU
		{038D146B-74E7-4210-979E-7A55A2DF1960}.Debug|Any CPU.Build.0 = Debug|Any CPU
		{038D146B-74E7-4210-979E-7A55A2DF1960}.Release|Any CPU.ActiveCfg = Release|Any CPU
		{038D146B-74E7-4210-979E-7A55A2DF1960}.Release|Any CPU.Build.0 = Release|Any CPU
		{B40134F4-771D-480A-B563-77D47A1C40E6}.Debug|Any CPU.ActiveCfg = Debug|Any CPU
		{B40134F4-771D-480A-B563-77D47A1C40E6}.Debug|Any CPU.Build.0 = Debug|Any CPU
		{B40134F4-771D-480A-B563-77D47A1C40E6}.Release|Any CPU.ActiveCfg = Release|Any CPU
		{B40134F4-771D-480A-B563-77D47A1C40E6}.Release|Any CPU.Build.0 = Release|Any CPU
		{F602EC9F-D1BE-4F53-975A-34E19EF39F64}.Debug|Any CPU.ActiveCfg = Debug|Any CPU
		{F602EC9F-D1BE-4F53-975A-34E19EF39F64}.Debug|Any CPU.Build.0 = Debug|Any CPU
		{F602EC9F-D1BE-4F53-975A-34E19EF39F64}.Release|Any CPU.ActiveCfg = Release|Any CPU
		{F602EC9F-D1BE-4F53-975A-34E19EF39F64}.Release|Any CPU.Build.0 = Release|Any CPU
	EndGlobalSection
	GlobalSection(SolutionProperties) = preSolution
		HideSolutionNode = FALSE
	EndGlobalSection
	GlobalSection(ExtensibilityGlobals) = postSolution
		SolutionGuid = {5B25F157-3BCC-4482-BE0D-5568B4A70A4B}
	EndGlobalSection
EndGlobal
